
Microsoft Visual Studio Solution File, Format Version 12.00
# Visual Studio Version 17
VisualStudioVersion = 17.14.36127.28 d17.14
MinimumVisualStudioVersion = 10.0.40219.1
Project("{FAE04EC0-301F-11D3-BF4B-00C04F79EFBC}") = "C# 11th-Homework", "C# 11th-Homework\C# 11th-Homework.csproj", "{3C7B1F1E-5494-44A3-8B8D-C851132BA280}"
EndProject
Global
	GlobalSection(SolutionConfigurationPlatforms) = preSolution
		Debug|Any CPU = Debug|Any CPU
		Release|Any CPU = Release|Any CPU
	EndGlobalSection
	GlobalSection(ProjectConfigurationPlatforms) = postSolution
		{3C7B1F1E-5494-44A3-8B8D-C851132BA280}.Debug|Any CPU.ActiveCfg = Debug|Any CPU
		{3C7B1F1E-5494-44A3-8B8D-C851132BA280}.Debug|Any CPU.Build.0 = Debug|Any CPU
		{3C7B1F1E-5494-44A3-8B8D-C851132BA280}.Release|Any CPU.ActiveCfg = Release|Any CPU
		{3C7B1F1E-5494-44A3-8B8D-C851132BA280}.Release|Any CPU.Build.0 = Release|Any CPU
	EndGlobalSection
	GlobalSection(SolutionProperties) = preSolution
		HideSolutionNode = FALSE
	EndGlobalSection
	GlobalSection(ExtensibilityGlobals) = postSolution
		SolutionGuid = {BA1D3FF8-700D-425E-B605-C75E74313EDD}
	EndGlobalSection
EndGlobal
